
Microsoft Visual Studio Solution File, Format Version 12.00
# Visual Studio Version 16
VisualStudioVersion = 16.0.30804.86
MinimumVisualStudioVersion = 10.0.40219.1
Project("{FAE04EC0-301F-11D3-BF4B-00C04F79EFBC}") = "AttributeInjection", "AttributeInjection.csproj", "{AA2DB9C7-5D7F-4475-BE08-A953BB0284C8}"
EndProject
Global
	GlobalSection(SolutionConfigurationPlatforms) = preSolution
		Debug|Any CPU = Debug|Any CPU
		Release|Any CPU = Release|Any CPU
	EndGlobalSection
	GlobalSection(ProjectConfigurationPlatforms) = postSolution
		{AA2DB9C7-5D7F-4475-BE08-A953BB0284C8}.Debug|Any CPU.ActiveCfg = Debug|Any CPU
		{AA2DB9C7-5D7F-4475-BE08-A953BB0284C8}.Debug|Any CPU.Build.0 = Debug|Any CPU
		{AA2DB9C7-5D7F-4475-BE08-A953BB0284C8}.Release|Any CPU.ActiveCfg = Release|Any CPU
		{AA2DB9C7-5D7F-4475-BE08-A953BB0284C8}.Release|Any CPU.Build.0 = Release|Any CPU
	EndGlobalSection
	GlobalSection(SolutionProperties) = preSolution
		HideSolutionNode = FALSE
	EndGlobalSection
	GlobalSection(ExtensibilityGlobals) = postSolution
		SolutionGuid = {FBACE81E-0555-43FE-BAFA-0C93A00D5FC1}
	EndGlobalSection
EndGlobal
